
Microsoft Visual Studio Solution File, Format Version 12.00
# Visual Studio Version 16
VisualStudioVersion = 16.0.28729.10
MinimumVisualStudioVersion = 10.0.40219.1
Project("{FAE04EC0-301F-11D3-BF4B-00C04F79EFBC}") = "GuardianAngel.Client", "GuardianAngel.Client\GuardianAngel.Client.csproj", "{8A9B9BF9-7D92-47D2-80B0-D8AC9A8133C7}"
EndProject
Project("{2150E333-8FDC-42A3-9474-1A3956D46DE8}") = "Solution Items", "Solution Items", "{771F07BE-56FE-42E9-A080-108406F54B80}"
	ProjectSection(SolutionItems) = preProject
		LICENSE.txt = LICENSE.txt
	EndProjectSection
EndProject
Global
	GlobalSection(SolutionConfigurationPlatforms) = preSolution
		Debug|Any CPU = Debug|Any CPU
		Release|Any CPU = Release|Any CPU
	EndGlobalSection
	GlobalSection(ProjectConfigurationPlatforms) = postSolution
		{8A9B9BF9-7D92-47D2-80B0-D8AC9A8133C7}.Debug|Any CPU.ActiveCfg = Debug|Any CPU
		{8A9B9BF9-7D92-47D2-80B0-D8AC9A8133C7}.Debug|Any CPU.Build.0 = Debug|Any CPU
		{8A9B9BF9-7D92-47D2-80B0-D8AC9A8133C7}.Release|Any CPU.ActiveCfg = Release|Any CPU
		{8A9B9BF9-7D92-47D2-80B0-D8AC9A8133C7}.Release|Any CPU.Build.0 = Release|Any CPU
	EndGlobalSection
	GlobalSection(SolutionProperties) = preSolution
		HideSolutionNode = FALSE
	EndGlobalSection
	GlobalSection(ExtensibilityGlobals) = postSolution
		SolutionGuid = {F7ACB872-6D5F-4F78-A7F4-2D29DDAC1AEA}
	EndGlobalSection
EndGlobal
